
Microsoft Visual Studio Solution File, Format Version 12.00
# Visual Studio Version 17
VisualStudioVersion = 17.2.32526.322
MinimumVisualStudioVersion = 10.0.40219.1
Project("{FAE04EC0-301F-11D3-BF4B-00C04F79EFBC}") = "exerchise1 bublesort", "exerchise1 bublesort.csproj", "{F7235368-5928-4922-BAA5-B1A3E31D0F95}"
EndProject
Global
	GlobalSection(SolutionConfigurationPlatforms) = preSolution
		Debug|Any CPU = Debug|Any CPU
		Release|Any CPU = Release|Any CPU
	EndGlobalSection
	GlobalSection(ProjectConfigurationPlatforms) = postSolution
		{F7235368-5928-4922-BAA5-B1A3E31D0F95}.Debug|Any CPU.ActiveCfg = Debug|Any CPU
		{F7235368-5928-4922-BAA5-B1A3E31D0F95}.Debug|Any CPU.Build.0 = Debug|Any CPU
		{F7235368-5928-4922-BAA5-B1A3E31D0F95}.Release|Any CPU.ActiveCfg = Release|Any CPU
		{F7235368-5928-4922-BAA5-B1A3E31D0F95}.Release|Any CPU.Build.0 = Release|Any CPU
	EndGlobalSection
	GlobalSection(SolutionProperties) = preSolution
		HideSolutionNode = FALSE
	EndGlobalSection
	GlobalSection(ExtensibilityGlobals) = postSolution
		SolutionGuid = {31C2E4C0-078D-4791-A26B-FA19CA3D7E2D}
	EndGlobalSection
EndGlobal
